
Microsoft Visual Studio Solution File, Format Version 12.00
# Visual Studio Version 17
VisualStudioVersion = 17.0.31903.59
MinimumVisualStudioVersion = 10.0.40219.1
Project("{FAE04EC0-301F-11D3-BF4B-00C04F79EFBC}") = "BibliotecaDeClassesExemplo", "BibliotecaDeClassesExemplo\BibliotecaDeClassesExemplo.csproj", "{A04C6FE0-0C09-4BD7-8037-1B22B5D5A917}"
EndProject
Project("{FAE04EC0-301F-11D3-BF4B-00C04F79EFBC}") = "fundamentos", "Fundamentos\fundamentos.csproj", "{3CAEAE78-C878-4EDE-878E-AEDF30728766}"
EndProject
Project("{FAE04EC0-301F-11D3-BF4B-00C04F79EFBC}") = "Propriedades, métodos e construtores", "Propriedades, métodos e construtores\Propriedades, métodos e construtores.csproj", "{CF0C00E8-39EB-4719-A00A-88CD697AEA49}"
EndProject
Project("{FAE04EC0-301F-11D3-BF4B-00C04F79EFBC}") = "Manipulando valores", "Manipulando valores\Manipulando valores.csproj", "{88350B75-8EE8-44AB-B0B3-5943449C7881}"
EndProject
Project("{FAE04EC0-301F-11D3-BF4B-00C04F79EFBC}") = "Exceptions&collections", "Exceptions&collections\Exceptions&collections.csproj", "{84ABD929-C16E-4D55-A67D-F0695A84B3A5}"
EndProject
Project("{FAE04EC0-301F-11D3-BF4B-00C04F79EFBC}") = "Tuplas, Operadores ternários e Destruction", "Tuplas, Operadores ternários e Destruction\Tuplas, Operadores ternários e Destruction.csproj", "{0EADDF82-3022-4DE2-AEF4-A33F57D589DC}"
EndProject
Project("{FAE04EC0-301F-11D3-BF4B-00C04F79EFBC}") = "Nuget, Serializar e Atributos", "Nuget, Serializar e Atributos\Nuget, Serializar e Atributos.csproj", "{0B1AB964-A837-4636-874F-29EFDAD1C372}"
EndProject
Project("{FAE04EC0-301F-11D3-BF4B-00C04F79EFBC}") = "Encapulamento, Herança e Polimorfismo", "Encapulamento, Herança e Polimorfismo\Encapulamento, Herança e Polimorfismo.csproj", "{FC7B28BD-D9DA-4F40-8C21-B28AC20D7725}"
EndProject
Project("{FAE04EC0-301F-11D3-BF4B-00C04F79EFBC}") = "Classes abstratas & Interfaces", "Classes abstratas & Interfaces\Classes abstratas & Interfaces.csproj", "{0BAE8077-199A-4863-8944-7AB970DF62DC}"
EndProject
Project("{FAE04EC0-301F-11D3-BF4B-00C04F79EFBC}") = "MyFirstAPI", "MyFirstAPI\MyFirstAPI.csproj", "{16835462-8A27-44A5-A9F7-EBEC14EA22FB}"
EndProject
Project("{FAE04EC0-301F-11D3-BF4B-00C04F79EFBC}") = "TestesUnitáriosClasse", "TestesUnitáriosClasse\TestesUnitáriosClasse.csproj", "{EA51BE1D-A6D4-43E6-BF8D-E85C11FDF4D1}"
EndProject
Project("{FAE04EC0-301F-11D3-BF4B-00C04F79EFBC}") = "TestesUnitáriosX", "TestesUnitáriosX\TestesUnitáriosX.csproj", "{117184F5-9719-436F-8C68-4902989BC3A3}"
EndProject
Project("{2150E333-8FDC-42A3-9474-1A3956D46DE8}") = "Calculadora+TDD", "Calculadora+TDD", "{954ED590-E8D7-4F0C-A1FD-9390E19D7CA1}"
EndProject
Project("{FAE04EC0-301F-11D3-BF4B-00C04F79EFBC}") = "Calculadora+TDD", "Calculadora+TDD\src\Calculadora+TDD.csproj", "{497D81AF-5726-4EC9-9BE7-E4864CADEA7D}"
EndProject
Project("{FAE04EC0-301F-11D3-BF4B-00C04F79EFBC}") = "tests", "Calculadora+TDD\tests\tests.csproj", "{90B8EED8-23A9-40FB-AF48-87AB8EF5196B}"
EndProject
Global
	GlobalSection(SolutionConfigurationPlatforms) = preSolution
		Debug|Any CPU = Debug|Any CPU
		Release|Any CPU = Release|Any CPU
	EndGlobalSection
	GlobalSection(SolutionProperties) = preSolution
		HideSolutionNode = FALSE
	EndGlobalSection
	GlobalSection(ProjectConfigurationPlatforms) = postSolution
		{ACAE2F6A-1448-4CAD-A020-3652EA236E88}.Debug|Any CPU.ActiveCfg = Debug|Any CPU
		{ACAE2F6A-1448-4CAD-A020-3652EA236E88}.Debug|Any CPU.Build.0 = Debug|Any CPU
		{ACAE2F6A-1448-4CAD-A020-3652EA236E88}.Release|Any CPU.ActiveCfg = Release|Any CPU
		{ACAE2F6A-1448-4CAD-A020-3652EA236E88}.Release|Any CPU.Build.0 = Release|Any CPU
		{A04C6FE0-0C09-4BD7-8037-1B22B5D5A917}.Debug|Any CPU.ActiveCfg = Debug|Any CPU
		{A04C6FE0-0C09-4BD7-8037-1B22B5D5A917}.Debug|Any CPU.Build.0 = Debug|Any CPU
		{A04C6FE0-0C09-4BD7-8037-1B22B5D5A917}.Release|Any CPU.ActiveCfg = Release|Any CPU
		{A04C6FE0-0C09-4BD7-8037-1B22B5D5A917}.Release|Any CPU.Build.0 = Release|Any CPU
		{3CAEAE78-C878-4EDE-878E-AEDF30728766}.Debug|Any CPU.ActiveCfg = Debug|Any CPU
		{3CAEAE78-C878-4EDE-878E-AEDF30728766}.Debug|Any CPU.Build.0 = Debug|Any CPU
		{3CAEAE78-C878-4EDE-878E-AEDF30728766}.Release|Any CPU.ActiveCfg = Release|Any CPU
		{3CAEAE78-C878-4EDE-878E-AEDF30728766}.Release|Any CPU.Build.0 = Release|Any CPU
		{CF0C00E8-39EB-4719-A00A-88CD697AEA49}.Debug|Any CPU.ActiveCfg = Debug|Any CPU
		{CF0C00E8-39EB-4719-A00A-88CD697AEA49}.Debug|Any CPU.Build.0 = Debug|Any CPU
		{CF0C00E8-39EB-4719-A00A-88CD697AEA49}.Release|Any CPU.ActiveCfg = Release|Any CPU
		{CF0C00E8-39EB-4719-A00A-88CD697AEA49}.Release|Any CPU.Build.0 = Release|Any CPU
		{88350B75-8EE8-44AB-B0B3-5943449C7881}.Debug|Any CPU.ActiveCfg = Debug|Any CPU
		{88350B75-8EE8-44AB-B0B3-5943449C7881}.Debug|Any CPU.Build.0 = Debug|Any CPU
		{88350B75-8EE8-44AB-B0B3-5943449C7881}.Release|Any CPU.ActiveCfg = Release|Any CPU
		{88350B75-8EE8-44AB-B0B3-5943449C7881}.Release|Any CPU.Build.0 = Release|Any CPU
		{84ABD929-C16E-4D55-A67D-F0695A84B3A5}.Debug|Any CPU.ActiveCfg = Debug|Any CPU
		{84ABD929-C16E-4D55-A67D-F0695A84B3A5}.Debug|Any CPU.Build.0 = Debug|Any CPU
		{84ABD929-C16E-4D55-A67D-F0695A84B3A5}.Release|Any CPU.ActiveCfg = Release|Any CPU
		{84ABD929-C16E-4D55-A67D-F0695A84B3A5}.Release|Any CPU.Build.0 = Release|Any CPU
		{0EADDF82-3022-4DE2-AEF4-A33F57D589DC}.Debug|Any CPU.ActiveCfg = Debug|Any CPU
		{0EADDF82-3022-4DE2-AEF4-A33F57D589DC}.Debug|Any CPU.Build.0 = Debug|Any CPU
		{0EADDF82-3022-4DE2-AEF4-A33F57D589DC}.Release|Any CPU.ActiveCfg = Release|Any CPU
		{0EADDF82-3022-4DE2-AEF4-A33F57D589DC}.Release|Any CPU.Build.0 = Release|Any CPU
		{0B1AB964-A837-4636-874F-29EFDAD1C372}.Debug|Any CPU.ActiveCfg = Debug|Any CPU
		{0B1AB964-A837-4636-874F-29EFDAD1C372}.Debug|Any CPU.Build.0 = Debug|Any CPU
		{0B1AB964-A837-4636-874F-29EFDAD1C372}.Release|Any CPU.ActiveCfg = Release|Any CPU
		{0B1AB964-A837-4636-874F-29EFDAD1C372}.Release|Any CPU.Build.0 = Release|Any CPU
		{FC7B28BD-D9DA-4F40-8C21-B28AC20D7725}.Debug|Any CPU.ActiveCfg = Debug|Any CPU
		{FC7B28BD-D9DA-4F40-8C21-B28AC20D7725}.Debug|Any CPU.Build.0 = Debug|Any CPU
		{FC7B28BD-D9DA-4F40-8C21-B28AC20D7725}.Release|Any CPU.ActiveCfg = Release|Any CPU
		{FC7B28BD-D9DA-4F40-8C21-B28AC20D7725}.Release|Any CPU.Build.0 = Release|Any CPU
		{0BAE8077-199A-4863-8944-7AB970DF62DC}.Debug|Any CPU.ActiveCfg = Debug|Any CPU
		{0BAE8077-199A-4863-8944-7AB970DF62DC}.Debug|Any CPU.Build.0 = Debug|Any CPU
		{0BAE8077-199A-4863-8944-7AB970DF62DC}.Release|Any CPU.ActiveCfg = Release|Any CPU
		{0BAE8077-199A-4863-8944-7AB970DF62DC}.Release|Any CPU.Build.0 = Release|Any CPU
		{16835462-8A27-44A5-A9F7-EBEC14EA22FB}.Debug|Any CPU.ActiveCfg = Debug|Any CPU
		{16835462-8A27-44A5-A9F7-EBEC14EA22FB}.Debug|Any CPU.Build.0 = Debug|Any CPU
		{16835462-8A27-44A5-A9F7-EBEC14EA22FB}.Release|Any CPU.ActiveCfg = Release|Any CPU
		{16835462-8A27-44A5-A9F7-EBEC14EA22FB}.Release|Any CPU.Build.0 = Release|Any CPU
		{EA51BE1D-A6D4-43E6-BF8D-E85C11FDF4D1}.Debug|Any CPU.ActiveCfg = Debug|Any CPU
		{EA51BE1D-A6D4-43E6-BF8D-E85C11FDF4D1}.Debug|Any CPU.Build.0 = Debug|Any CPU
		{EA51BE1D-A6D4-43E6-BF8D-E85C11FDF4D1}.Release|Any CPU.ActiveCfg = Release|Any CPU
		{EA51BE1D-A6D4-43E6-BF8D-E85C11FDF4D1}.Release|Any CPU.Build.0 = Release|Any CPU
		{117184F5-9719-436F-8C68-4902989BC3A3}.Debug|Any CPU.ActiveCfg = Debug|Any CPU
		{117184F5-9719-436F-8C68-4902989BC3A3}.Debug|Any CPU.Build.0 = Debug|Any CPU
		{117184F5-9719-436F-8C68-4902989BC3A3}.Release|Any CPU.ActiveCfg = Release|Any CPU
		{117184F5-9719-436F-8C68-4902989BC3A3}.Release|Any CPU.Build.0 = Release|Any CPU
		{497D81AF-5726-4EC9-9BE7-E4864CADEA7D}.Debug|Any CPU.ActiveCfg = Debug|Any CPU
		{497D81AF-5726-4EC9-9BE7-E4864CADEA7D}.Debug|Any CPU.Build.0 = Debug|Any CPU
		{497D81AF-5726-4EC9-9BE7-E4864CADEA7D}.Release|Any CPU.ActiveCfg = Release|Any CPU
		{497D81AF-5726-4EC9-9BE7-E4864CADEA7D}.Release|Any CPU.Build.0 = Release|Any CPU
		{90B8EED8-23A9-40FB-AF48-87AB8EF5196B}.Debug|Any CPU.ActiveCfg = Debug|Any CPU
		{90B8EED8-23A9-40FB-AF48-87AB8EF5196B}.Debug|Any CPU.Build.0 = Debug|Any CPU
		{90B8EED8-23A9-40FB-AF48-87AB8EF5196B}.Release|Any CPU.ActiveCfg = Release|Any CPU
		{90B8EED8-23A9-40FB-AF48-87AB8EF5196B}.Release|Any CPU.Build.0 = Release|Any CPU
	EndGlobalSection
	GlobalSection(NestedProjects) = preSolution
		{497D81AF-5726-4EC9-9BE7-E4864CADEA7D} = {954ED590-E8D7-4F0C-A1FD-9390E19D7CA1}
		{90B8EED8-23A9-40FB-AF48-87AB8EF5196B} = {954ED590-E8D7-4F0C-A1FD-9390E19D7CA1}
	EndGlobalSection
EndGlobal
