
Microsoft Visual Studio Solution File, Format Version 12.00
# Visual Studio Version 17
VisualStudioVersion = 17.5.002.0
MinimumVisualStudioVersion = 10.0.40219.1
Project("{9A19103F-16F7-4668-BE54-9A1E7A4F7556}") = "Hotel-accommodation", "Hotel-accommodation.csproj", "{CDC6F5B8-5238-488B-A48A-675BC131F87F}"
EndProject
Global
	GlobalSection(SolutionConfigurationPlatforms) = preSolution
		Debug|Any CPU = Debug|Any CPU
		Release|Any CPU = Release|Any CPU
	EndGlobalSection
	GlobalSection(ProjectConfigurationPlatforms) = postSolution
		{CDC6F5B8-5238-488B-A48A-675BC131F87F}.Debug|Any CPU.ActiveCfg = Debug|Any CPU
		{CDC6F5B8-5238-488B-A48A-675BC131F87F}.Debug|Any CPU.Build.0 = Debug|Any CPU
		{CDC6F5B8-5238-488B-A48A-675BC131F87F}.Release|Any CPU.ActiveCfg = Release|Any CPU
		{CDC6F5B8-5238-488B-A48A-675BC131F87F}.Release|Any CPU.Build.0 = Release|Any CPU
	EndGlobalSection
	GlobalSection(SolutionProperties) = preSolution
		HideSolutionNode = FALSE
	EndGlobalSection
	GlobalSection(ExtensibilityGlobals) = postSolution
		SolutionGuid = {9B6DC90F-25B0-4458-8E1D-D2254EE25986}
	EndGlobalSection
EndGlobal
